
Microsoft Visual Studio Solution File, Format Version 12.00
# Visual Studio Version 17
VisualStudioVersion = 17.0.31903.59
MinimumVisualStudioVersion = 10.0.40219.1
Project("{2150E333-8FDC-42A3-9474-1A3956D46DE8}") = "ConcurrentProgramming", "ConcurrentProgramming", "{18D4B22E-071C-639C-ED71-5E0668B94DCB}"
EndProject
Project("{FAE04EC0-301F-11D3-BF4B-00C04F79EFBC}") = "BusinessLogic", "ConcurrentProgramming\BusinessLogic\BusinessLogic.csproj", "{3AFDDE71-B50E-4AA1-B801-60318A43D3DC}"
EndProject
Project("{FAE04EC0-301F-11D3-BF4B-00C04F79EFBC}") = "BusinessLogicTest", "ConcurrentProgramming\BusinessLogicTest\BusinessLogicTest.csproj", "{B0D73FA4-F746-4C38-980F-4D1AA381DD83}"
EndProject
Project("{FAE04EC0-301F-11D3-BF4B-00C04F79EFBC}") = "Data", "ConcurrentProgramming\Data\Data.csproj", "{8BA16E79-86FF-4C86-B034-A01114619C6A}"
EndProject
Project("{FAE04EC0-301F-11D3-BF4B-00C04F79EFBC}") = "DataTest", "ConcurrentProgramming\DataTest\DataTest.csproj", "{D3EB4E0B-AE17-441C-AB49-0BD7DA394267}"
EndProject
Project("{2150E333-8FDC-42A3-9474-1A3956D46DE8}") = "GraphicalUserInterface", "GraphicalUserInterface", "{C79022B5-D708-EED4-D2B3-BF9FECE3B093}"
EndProject
Project("{FAE04EC0-301F-11D3-BF4B-00C04F79EFBC}") = "PresentationView", "ConcurrentProgramming\GraphicalUserInterface\PresentationView.csproj", "{5A6EEB99-3E31-4E3E-8384-5FE125770A4D}"
EndProject
Project("{FAE04EC0-301F-11D3-BF4B-00C04F79EFBC}") = "PresentationModel", "ConcurrentProgramming\PresentationModel\PresentationModel.csproj", "{4AF0411B-1A7F-4BDA-A0F4-0BF940BA140F}"
EndProject
Project("{FAE04EC0-301F-11D3-BF4B-00C04F79EFBC}") = "PresentationModelTest", "ConcurrentProgramming\PresentationModelTest\PresentationModelTest.csproj", "{E8A9D1AE-C429-4EA6-A7AB-D120EB7213F1}"
EndProject
Project("{FAE04EC0-301F-11D3-BF4B-00C04F79EFBC}") = "PresentationViewModelTest", "ConcurrentProgramming\PresentationViewModelTest\PresentationViewModelTest.csproj", "{998915BA-D1A1-434D-A439-DBAD8BED2CAE}"
EndProject
Project("{FAE04EC0-301F-11D3-BF4B-00C04F79EFBC}") = "PresentationViewModel", "ConcurrentProgramming\PresentationViewModel\PresentationViewModel.csproj", "{51F65E67-11BD-4097-880E-0F74485E693B}"
EndProject
Global
	GlobalSection(SolutionConfigurationPlatforms) = preSolution
		Debug|Any CPU = Debug|Any CPU
		Debug|x64 = Debug|x64
		Debug|x86 = Debug|x86
		Release|Any CPU = Release|Any CPU
		Release|x64 = Release|x64
		Release|x86 = Release|x86
	EndGlobalSection
	GlobalSection(ProjectConfigurationPlatforms) = postSolution
		{3AFDDE71-B50E-4AA1-B801-60318A43D3DC}.Debug|Any CPU.ActiveCfg = Debug|Any CPU
		{3AFDDE71-B50E-4AA1-B801-60318A43D3DC}.Debug|Any CPU.Build.0 = Debug|Any CPU
		{3AFDDE71-B50E-4AA1-B801-60318A43D3DC}.Debug|x64.ActiveCfg = Debug|Any CPU
		{3AFDDE71-B50E-4AA1-B801-60318A43D3DC}.Debug|x64.Build.0 = Debug|Any CPU
		{3AFDDE71-B50E-4AA1-B801-60318A43D3DC}.Debug|x86.ActiveCfg = Debug|Any CPU
		{3AFDDE71-B50E-4AA1-B801-60318A43D3DC}.Debug|x86.Build.0 = Debug|Any CPU
		{3AFDDE71-B50E-4AA1-B801-60318A43D3DC}.Release|Any CPU.ActiveCfg = Release|Any CPU
		{3AFDDE71-B50E-4AA1-B801-60318A43D3DC}.Release|Any CPU.Build.0 = Release|Any CPU
		{3AFDDE71-B50E-4AA1-B801-60318A43D3DC}.Release|x64.ActiveCfg = Release|Any CPU
		{3AFDDE71-B50E-4AA1-B801-60318A43D3DC}.Release|x64.Build.0 = Release|Any CPU
		{3AFDDE71-B50E-4AA1-B801-60318A43D3DC}.Release|x86.ActiveCfg = Release|Any CPU
		{3AFDDE71-B50E-4AA1-B801-60318A43D3DC}.Release|x86.Build.0 = Release|Any CPU
		{B0D73FA4-F746-4C38-980F-4D1AA381DD83}.Debug|Any CPU.ActiveCfg = Debug|Any CPU
		{B0D73FA4-F746-4C38-980F-4D1AA381DD83}.Debug|Any CPU.Build.0 = Debug|Any CPU
		{B0D73FA4-F746-4C38-980F-4D1AA381DD83}.Debug|x64.ActiveCfg = Debug|Any CPU
		{B0D73FA4-F746-4C38-980F-4D1AA381DD83}.Debug|x64.Build.0 = Debug|Any CPU
		{B0D73FA4-F746-4C38-980F-4D1AA381DD83}.Debug|x86.ActiveCfg = Debug|Any CPU
		{B0D73FA4-F746-4C38-980F-4D1AA381DD83}.Debug|x86.Build.0 = Debug|Any CPU
		{B0D73FA4-F746-4C38-980F-4D1AA381DD83}.Release|Any CPU.ActiveCfg = Release|Any CPU
		{B0D73FA4-F746-4C38-980F-4D1AA381DD83}.Release|Any CPU.Build.0 = Release|Any CPU
		{B0D73FA4-F746-4C38-980F-4D1AA381DD83}.Release|x64.ActiveCfg = Release|Any CPU
		{B0D73FA4-F746-4C38-980F-4D1AA381DD83}.Release|x64.Build.0 = Release|Any CPU
		{B0D73FA4-F746-4C38-980F-4D1AA381DD83}.Release|x86.ActiveCfg = Release|Any CPU
		{B0D73FA4-F746-4C38-980F-4D1AA381DD83}.Release|x86.Build.0 = Release|Any CPU
		{8BA16E79-86FF-4C86-B034-A01114619C6A}.Debug|Any CPU.ActiveCfg = Debug|Any CPU
		{8BA16E79-86FF-4C86-B034-A01114619C6A}.Debug|Any CPU.Build.0 = Debug|Any CPU
		{8BA16E79-86FF-4C86-B034-A01114619C6A}.Debug|x64.ActiveCfg = Debug|Any CPU
		{8BA16E79-86FF-4C86-B034-A01114619C6A}.Debug|x64.Build.0 = Debug|Any CPU
		{8BA16E79-86FF-4C86-B034-A01114619C6A}.Debug|x86.ActiveCfg = Debug|Any CPU
		{8BA16E79-86FF-4C86-B034-A01114619C6A}.Debug|x86.Build.0 = Debug|Any CPU
		{8BA16E79-86FF-4C86-B034-A01114619C6A}.Release|Any CPU.ActiveCfg = Release|Any CPU
		{8BA16E79-86FF-4C86-B034-A01114619C6A}.Release|Any CPU.Build.0 = Release|Any CPU
		{8BA16E79-86FF-4C86-B034-A01114619C6A}.Release|x64.ActiveCfg = Release|Any CPU
		{8BA16E79-86FF-4C86-B034-A01114619C6A}.Release|x64.Build.0 = Release|Any CPU
		{8BA16E79-86FF-4C86-B034-A01114619C6A}.Release|x86.ActiveCfg = Release|Any CPU
		{8BA16E79-86FF-4C86-B034-A01114619C6A}.Release|x86.Build.0 = Release|Any CPU
		{D3EB4E0B-AE17-441C-AB49-0BD7DA394267}.Debug|Any CPU.ActiveCfg = Debug|Any CPU
		{D3EB4E0B-AE17-441C-AB49-0BD7DA394267}.Debug|Any CPU.Build.0 = Debug|Any CPU
		{D3EB4E0B-AE17-441C-AB49-0BD7DA394267}.Debug|x64.ActiveCfg = Debug|Any CPU
		{D3EB4E0B-AE17-441C-AB49-0BD7DA394267}.Debug|x64.Build.0 = Debug|Any CPU
		{D3EB4E0B-AE17-441C-AB49-0BD7DA394267}.Debug|x86.ActiveCfg = Debug|Any CPU
		{D3EB4E0B-AE17-441C-AB49-0BD7DA394267}.Debug|x86.Build.0 = Debug|Any CPU
		{D3EB4E0B-AE17-441C-AB49-0BD7DA394267}.Release|Any CPU.ActiveCfg = Release|Any CPU
		{D3EB4E0B-AE17-441C-AB49-0BD7DA394267}.Release|Any CPU.Build.0 = Release|Any CPU
		{D3EB4E0B-AE17-441C-AB49-0BD7DA394267}.Release|x64.ActiveCfg = Release|Any CPU
		{D3EB4E0B-AE17-441C-AB49-0BD7DA394267}.Release|x64.Build.0 = Release|Any CPU
		{D3EB4E0B-AE17-441C-AB49-0BD7DA394267}.Release|x86.ActiveCfg = Release|Any CPU
		{D3EB4E0B-AE17-441C-AB49-0BD7DA394267}.Release|x86.Build.0 = Release|Any CPU
		{5A6EEB99-3E31-4E3E-8384-5FE125770A4D}.Debug|Any CPU.ActiveCfg = Debug|Any CPU
		{5A6EEB99-3E31-4E3E-8384-5FE125770A4D}.Debug|Any CPU.Build.0 = Debug|Any CPU
		{5A6EEB99-3E31-4E3E-8384-5FE125770A4D}.Debug|x64.ActiveCfg = Debug|Any CPU
		{5A6EEB99-3E31-4E3E-8384-5FE125770A4D}.Debug|x64.Build.0 = Debug|Any CPU
		{5A6EEB99-3E31-4E3E-8384-5FE125770A4D}.Debug|x86.ActiveCfg = Debug|Any CPU
		{5A6EEB99-3E31-4E3E-8384-5FE125770A4D}.Debug|x86.Build.0 = Debug|Any CPU
		{5A6EEB99-3E31-4E3E-8384-5FE125770A4D}.Release|Any CPU.ActiveCfg = Release|Any CPU
		{5A6EEB99-3E31-4E3E-8384-5FE125770A4D}.Release|Any CPU.Build.0 = Release|Any CPU
		{5A6EEB99-3E31-4E3E-8384-5FE125770A4D}.Release|x64.ActiveCfg = Release|Any CPU
		{5A6EEB99-3E31-4E3E-8384-5FE125770A4D}.Release|x64.Build.0 = Release|Any CPU
		{5A6EEB99-3E31-4E3E-8384-5FE125770A4D}.Release|x86.ActiveCfg = Release|Any CPU
		{5A6EEB99-3E31-4E3E-8384-5FE125770A4D}.Release|x86.Build.0 = Release|Any CPU
		{4AF0411B-1A7F-4BDA-A0F4-0BF940BA140F}.Debug|Any CPU.ActiveCfg = Debug|Any CPU
		{4AF0411B-1A7F-4BDA-A0F4-0BF940BA140F}.Debug|Any CPU.Build.0 = Debug|Any CPU
		{4AF0411B-1A7F-4BDA-A0F4-0BF940BA140F}.Debug|x64.ActiveCfg = Debug|Any CPU
		{4AF0411B-1A7F-4BDA-A0F4-0BF940BA140F}.Debug|x64.Build.0 = Debug|Any CPU
		{4AF0411B-1A7F-4BDA-A0F4-0BF940BA140F}.Debug|x86.ActiveCfg = Debug|Any CPU
		{4AF0411B-1A7F-4BDA-A0F4-0BF940BA140F}.Debug|x86.Build.0 = Debug|Any CPU
		{4AF0411B-1A7F-4BDA-A0F4-0BF940BA140F}.Release|Any CPU.ActiveCfg = Release|Any CPU
		{4AF0411B-1A7F-4BDA-A0F4-0BF940BA140F}.Release|Any CPU.Build.0 = Release|Any CPU
		{4AF0411B-1A7F-4BDA-A0F4-0BF940BA140F}.Release|x64.ActiveCfg = Release|Any CPU
		{4AF0411B-1A7F-4BDA-A0F4-0BF940BA140F}.Release|x64.Build.0 = Release|Any CPU
		{4AF0411B-1A7F-4BDA-A0F4-0BF940BA140F}.Release|x86.ActiveCfg = Release|Any CPU
		{4AF0411B-1A7F-4BDA-A0F4-0BF940BA140F}.Release|x86.Build.0 = Release|Any CPU
		{E8A9D1AE-C429-4EA6-A7AB-D120EB7213F1}.Debug|Any CPU.ActiveCfg = Debug|Any CPU
		{E8A9D1AE-C429-4EA6-A7AB-D120EB7213F1}.Debug|Any CPU.Build.0 = Debug|Any CPU
		{E8A9D1AE-C429-4EA6-A7AB-D120EB7213F1}.Debug|x64.ActiveCfg = Debug|Any CPU
		{E8A9D1AE-C429-4EA6-A7AB-D120EB7213F1}.Debug|x64.Build.0 = Debug|Any CPU
		{E8A9D1AE-C429-4EA6-A7AB-D120EB7213F1}.Debug|x86.ActiveCfg = Debug|Any CPU
		{E8A9D1AE-C429-4EA6-A7AB-D120EB7213F1}.Debug|x86.Build.0 = Debug|Any CPU
		{E8A9D1AE-C429-4EA6-A7AB-D120EB7213F1}.Release|Any CPU.ActiveCfg = Release|Any CPU
		{E8A9D1AE-C429-4EA6-A7AB-D120EB7213F1}.Release|Any CPU.Build.0 = Release|Any CPU
		{E8A9D1AE-C429-4EA6-A7AB-D120EB7213F1}.Release|x64.ActiveCfg = Release|Any CPU
		{E8A9D1AE-C429-4EA6-A7AB-D120EB7213F1}.Release|x64.Build.0 = Release|Any CPU
		{E8A9D1AE-C429-4EA6-A7AB-D120EB7213F1}.Release|x86.ActiveCfg = Release|Any CPU
		{E8A9D1AE-C429-4EA6-A7AB-D120EB7213F1}.Release|x86.Build.0 = Release|Any CPU
		{998915BA-D1A1-434D-A439-DBAD8BED2CAE}.Debug|Any CPU.ActiveCfg = Debug|Any CPU
		{998915BA-D1A1-434D-A439-DBAD8BED2CAE}.Debug|Any CPU.Build.0 = Debug|Any CPU
		{998915BA-D1A1-434D-A439-DBAD8BED2CAE}.Debug|x64.ActiveCfg = Debug|Any CPU
		{998915BA-D1A1-434D-A439-DBAD8BED2CAE}.Debug|x64.Build.0 = Debug|Any CPU
		{998915BA-D1A1-434D-A439-DBAD8BED2CAE}.Debug|x86.ActiveCfg = Debug|Any CPU
		{998915BA-D1A1-434D-A439-DBAD8BED2CAE}.Debug|x86.Build.0 = Debug|Any CPU
		{998915BA-D1A1-434D-A439-DBAD8BED2CAE}.Release|Any CPU.ActiveCfg = Release|Any CPU
		{998915BA-D1A1-434D-A439-DBAD8BED2CAE}.Release|Any CPU.Build.0 = Release|Any CPU
		{998915BA-D1A1-434D-A439-DBAD8BED2CAE}.Release|x64.ActiveCfg = Release|Any CPU
		{998915BA-D1A1-434D-A439-DBAD8BED2CAE}.Release|x64.Build.0 = Release|Any CPU
		{998915BA-D1A1-434D-A439-DBAD8BED2CAE}.Release|x86.ActiveCfg = Release|Any CPU
		{998915BA-D1A1-434D-A439-DBAD8BED2CAE}.Release|x86.Build.0 = Release|Any CPU
		{51F65E67-11BD-4097-880E-0F74485E693B}.Debug|Any CPU.ActiveCfg = Debug|Any CPU
		{51F65E67-11BD-4097-880E-0F74485E693B}.Debug|Any CPU.Build.0 = Debug|Any CPU
		{51F65E67-11BD-4097-880E-0F74485E693B}.Debug|x64.ActiveCfg = Debug|Any CPU
		{51F65E67-11BD-4097-880E-0F74485E693B}.Debug|x64.Build.0 = Debug|Any CPU
		{51F65E67-11BD-4097-880E-0F74485E693B}.Debug|x86.ActiveCfg = Debug|Any CPU
		{51F65E67-11BD-4097-880E-0F74485E693B}.Debug|x86.Build.0 = Debug|Any CPU
		{51F65E67-11BD-4097-880E-0F74485E693B}.Release|Any CPU.ActiveCfg = Release|Any CPU
		{51F65E67-11BD-4097-880E-0F74485E693B}.Release|Any CPU.Build.0 = Release|Any CPU
		{51F65E67-11BD-4097-880E-0F74485E693B}.Release|x64.ActiveCfg = Release|Any CPU
		{51F65E67-11BD-4097-880E-0F74485E693B}.Release|x64.Build.0 = Release|Any CPU
		{51F65E67-11BD-4097-880E-0F74485E693B}.Release|x86.ActiveCfg = Release|Any CPU
		{51F65E67-11BD-4097-880E-0F74485E693B}.Release|x86.Build.0 = Release|Any CPU
	EndGlobalSection
	GlobalSection(SolutionProperties) = preSolution
		HideSolutionNode = FALSE
	EndGlobalSection
	GlobalSection(NestedProjects) = preSolution
		{3AFDDE71-B50E-4AA1-B801-60318A43D3DC} = {18D4B22E-071C-639C-ED71-5E0668B94DCB}
		{B0D73FA4-F746-4C38-980F-4D1AA381DD83} = {18D4B22E-071C-639C-ED71-5E0668B94DCB}
		{8BA16E79-86FF-4C86-B034-A01114619C6A} = {18D4B22E-071C-639C-ED71-5E0668B94DCB}
		{D3EB4E0B-AE17-441C-AB49-0BD7DA394267} = {18D4B22E-071C-639C-ED71-5E0668B94DCB}
		{C79022B5-D708-EED4-D2B3-BF9FECE3B093} = {18D4B22E-071C-639C-ED71-5E0668B94DCB}
		{5A6EEB99-3E31-4E3E-8384-5FE125770A4D} = {C79022B5-D708-EED4-D2B3-BF9FECE3B093}
		{4AF0411B-1A7F-4BDA-A0F4-0BF940BA140F} = {18D4B22E-071C-639C-ED71-5E0668B94DCB}
		{E8A9D1AE-C429-4EA6-A7AB-D120EB7213F1} = {18D4B22E-071C-639C-ED71-5E0668B94DCB}
		{998915BA-D1A1-434D-A439-DBAD8BED2CAE} = {18D4B22E-071C-639C-ED71-5E0668B94DCB}
		{51F65E67-11BD-4097-880E-0F74485E693B} = {18D4B22E-071C-639C-ED71-5E0668B94DCB}
	EndGlobalSection
EndGlobal
